
Microsoft Visual Studio Solution File, Format Version 12.00
# Visual Studio 15
VisualStudioVersion = 15.0.28307.1401
MinimumVisualStudioVersion = 10.0.40219.1
Project("{FAE04EC0-301F-11D3-BF4B-00C04F79EFBC}") = "Tiner", "Tiner\Tiner.csproj", "{B6F13E3C-1169-40C7-B3A3-9E1AAB9EA9D5}"
EndProject
Global
	GlobalSection(SolutionConfigurationPlatforms) = preSolution
		Debug|Any CPU = Debug|Any CPU
		Release|Any CPU = Release|Any CPU
	EndGlobalSection
	GlobalSection(ProjectConfigurationPlatforms) = postSolution
		{B6F13E3C-1169-40C7-B3A3-9E1AAB9EA9D5}.Debug|Any CPU.ActiveCfg = Debug|Any CPU
		{B6F13E3C-1169-40C7-B3A3-9E1AAB9EA9D5}.Debug|Any CPU.Build.0 = Debug|Any CPU
		{B6F13E3C-1169-40C7-B3A3-9E1AAB9EA9D5}.Release|Any CPU.ActiveCfg = Release|Any CPU
		{B6F13E3C-1169-40C7-B3A3-9E1AAB9EA9D5}.Release|Any CPU.Build.0 = Release|Any CPU
	EndGlobalSection
	GlobalSection(SolutionProperties) = preSolution
		HideSolutionNode = FALSE
	EndGlobalSection
	GlobalSection(ExtensibilityGlobals) = postSolution
		SolutionGuid = {79AB7319-AFD4-4198-B984-A96232CF5BAA}
	EndGlobalSection
EndGlobal
